
Microsoft Visual Studio Solution File, Format Version 12.00
# Visual Studio Version 17
VisualStudioVersion = 17.0.31717.71
MinimumVisualStudioVersion = 10.0.40219.1
Project("{9A19103F-16F7-4668-BE54-9A1E7A4F7556}") = "AASAXUtilLib", "AASAXUtilLib\AASAXUtilLib.csproj", "{0F310E46-7EEF-4A41-88DC-7A0AF12F3F86}"
EndProject
Project("{9A19103F-16F7-4668-BE54-9A1E7A4F7556}") = "ISVLicenseGenerator", "ISVLicenseGenerator\ISVLicenseGenerator.csproj", "{789B9C92-8DB0-4B42-AB77-2E1C897B6056}"
EndProject
Global
	GlobalSection(SolutionConfigurationPlatforms) = preSolution
		Debug|Any CPU = Debug|Any CPU
		Release|Any CPU = Release|Any CPU
	EndGlobalSection
	GlobalSection(ProjectConfigurationPlatforms) = postSolution
		{0F310E46-7EEF-4A41-88DC-7A0AF12F3F86}.Debug|Any CPU.ActiveCfg = Debug|Any CPU
		{0F310E46-7EEF-4A41-88DC-7A0AF12F3F86}.Debug|Any CPU.Build.0 = Debug|Any CPU
		{0F310E46-7EEF-4A41-88DC-7A0AF12F3F86}.Release|Any CPU.ActiveCfg = Release|Any CPU
		{0F310E46-7EEF-4A41-88DC-7A0AF12F3F86}.Release|Any CPU.Build.0 = Release|Any CPU
		{789B9C92-8DB0-4B42-AB77-2E1C897B6056}.Debug|Any CPU.ActiveCfg = Debug|Any CPU
		{789B9C92-8DB0-4B42-AB77-2E1C897B6056}.Debug|Any CPU.Build.0 = Debug|Any CPU
		{789B9C92-8DB0-4B42-AB77-2E1C897B6056}.Release|Any CPU.ActiveCfg = Release|Any CPU
		{789B9C92-8DB0-4B42-AB77-2E1C897B6056}.Release|Any CPU.Build.0 = Release|Any CPU
	EndGlobalSection
	GlobalSection(SolutionProperties) = preSolution
		HideSolutionNode = FALSE
	EndGlobalSection
	GlobalSection(ExtensibilityGlobals) = postSolution
		SolutionGuid = {B2986D7B-A31B-4B4E-8F09-7169FAAF3FF9}
	EndGlobalSection
EndGlobal
